// !$*UTF8*$!
{
	archiveVersion = 1;
	classes = {
	};
	objectVersion = 77;
	objects = {

/* Begin PBXBuildFile section */
		CEC1BEFA2D7EE9180081CEDF /* AWSS3 in Frameworks */ = {isa = PBXBuildFile; productRef = CEC1BEF92D7EE9180081CEDF /* AWSS3 */; };
/* End PBXBuildFile section */

/* Begin PBXContainerItemProxy section */
		CE123FAD2D72E68F0044B888 /* PBXContainerItemProxy */ = {
			isa = PBXContainerItemProxy;
			containerPortal = CE123F942D72E68D0044B888 /* Project object */;
			proxyType = 1;
			remoteGlobalIDString = CE123F9B2D72E68D0044B888;
			remoteInfo = ParkFactorApp;
		};
		CE123FB72D72E68F0044B888 /* PBXContainerItemProxy */ = {
			isa = PBXContainerItemProxy;
			containerPortal = CE123F942D72E68D0044B888 /* Project object */;
			proxyType = 1;
			remoteGlobalIDString = CE123F9B2D72E68D0044B888;
			remoteInfo = ParkFactorApp;
		};
/* End PBXContainerItemProxy section */

/* Begin PBXFileReference section */
		CE123F9C2D72E68D0044B888 /* ParkFactorApp.app */ = {isa = PBXFileReference; explicitFileType = wrapper.application; includeInIndex = 0; path = ParkFactorApp.app; sourceTree = BUILT_PRODUCTS_DIR; };
		CE123FAC2D72E68F0044B888 /* ParkFactorAppTests.xctest */ = {isa = PBXFileReference; explicitFileType = wrapper.cfbundle; includeInIndex = 0; path = ParkFactorAppTests.xctest; sourceTree = BUILT_PRODUCTS_DIR; };
		CE123FB62D72E68F0044B888 /* ParkFactorAppUITests.xctest */ = {isa = PBXFileReference; explicitFileType = wrapper.cfbundle; includeInIndex = 0; path = ParkFactorAppUITests.xctest; sourceTree = BUILT_PRODUCTS_DIR; };
/* End PBXFileReference section */

/* Begin PBXFileSystemSynchronizedBuildFileExceptionSet section */
		CE123FDB2D731A040044B888 /* Exceptions for "ParkFactorApp" folder in "ParkFactorApp" target */ = {
			isa = PBXFileSystemSynchronizedBuildFileExceptionSet;
			membershipExceptions = (
				Info.plist,
			);
			target = CE123F9B2D72E68D0044B888 /* ParkFactorApp */;
		};
/* End PBXFileSystemSynchronizedBuildFileExceptionSet section */

/* Begin PBXFileSystemSynchronizedRootGroup section */
		CE123F9E2D72E68D0044B888 /* ParkFactorApp */ = {
			isa = PBXFileSystemSynchronizedRootGroup;
			exceptions = (
				CE123FDB2D731A040044B888 /* Exceptions for "ParkFactorApp" folder in "ParkFactorApp" target */,
			);
			path = ParkFactorApp;
			sourceTree = "<group>";
		};
		CE123FAF2D72E68F0044B888 /* ParkFactorAppTests */ = {
			isa = PBXFileSystemSynchronizedRootGroup;
			path = ParkFactorAppTests;
			sourceTree = "<group>";
		};
		CE123FB92D72E68F0044B888 /* ParkFactorAppUITests */ = {
			isa = PBXFileSystemSynchronizedRootGroup;
			path = ParkFactorAppUITests;
			sourceTree = "<group>";
		};
/* End PBXFileSystemSynchronizedRootGroup section */

/* Begin PBXFrameworksBuildPhase section */
		CE123F992D72E68D0044B888 /* Frameworks */ = {
			isa = PBXFrameworksBuildPhase;
			buildActionMask = 2147483647;
			files = (
				CEC1BEFA2D7EE9180081CEDF /* AWSS3 in Frameworks */,
			);
			runOnlyForDeploymentPostprocessing = 0;
		};
		CE123FA92D72E68F0044B888 /* Frameworks */ = {
			isa = PBXFrameworksBuildPhase;
			buildActionMask = 2147483647;
			files = (
			);
			runOnlyForDeploymentPostprocessing = 0;
		};
		CE123FB32D72E68F0044B888 /* Frameworks */ = {
			isa = PBXFrameworksBuildPhase;
			buildActionMask = 2147483647;
			files = (
			);
			runOnlyForDeploymentPostprocessing = 0;
		};
/* End PBXFrameworksBuildPhase section */

/* Begin PBXGroup section */
		CE123F932D72E68D0044B888 = {
			isa = PBXGroup;
			children = (
				CE123F9E2D72E68D0044B888 /* ParkFactorApp */,
				CE123FAF2D72E68F0044B888 /* ParkFactorAppTests */,
				CE123FB92D72E68F0044B888 /* ParkFactorAppUITests */,
				CE123F9D2D72E68D0044B888 /* Products */,
			);
			sourceTree = "<group>";
		};
		CE123F9D2D72E68D0044B888 /* Products */ = {
			isa = PBXGroup;
			children = (
				CE123F9C2D72E68D0044B888 /* ParkFactorApp.app */,
				CE123FAC2D72E68F0044B888 /* ParkFactorAppTests.xctest */,
				CE123FB62D72E68F0044B888 /* ParkFactorAppUITests.xctest */,
			);
			name = Products;
			sourceTree = "<group>";
		};
/* End PBXGroup section */

/* Begin PBXNativeTarget section */
		CE123F9B2D72E68D0044B888 /* ParkFactorApp */ = {
			isa = PBXNativeTarget;
			buildConfigurationList = CE123FC02D72E68F0044B888 /* Build configuration list for PBXNativeTarget "ParkFactorApp" */;
			buildPhases = (
				CE123F982D72E68D0044B888 /* Sources */,
				CE123F992D72E68D0044B888 /* Frameworks */,
				CE123F9A2D72E68D0044B888 /* Resources */,
			);
			buildRules = (
			);
			dependencies = (
			);
			fileSystemSynchronizedGroups = (
				CE123F9E2D72E68D0044B888 /* ParkFactorApp */,
			);
			name = ParkFactorApp;
			packageProductDependencies = (
				CEC1BEF92D7EE9180081CEDF /* AWSS3 */,
			);
			productName = ParkFactorApp;
			productReference = CE123F9C2D72E68D0044B888 /* ParkFactorApp.app */;
			productType = "com.apple.product-type.application";
		};
		CE123FAB2D72E68F0044B888 /* ParkFactorAppTests */ = {
			isa = PBXNativeTarget;
			buildConfigurationList = CE123FC32D72E68F0044B888 /* Build configuration list for PBXNativeTarget "ParkFactorAppTests" */;
			buildPhases = (
				CE123FA82D72E68F0044B888 /* Sources */,
				CE123FA92D72E68F0044B888 /* Frameworks */,
				CE123FAA2D72E68F0044B888 /* Resources */,
			);
			buildRules = (
			);
			dependencies = (
				CE123FAE2D72E68F0044B888 /* PBXTargetDependency */,
			);
			fileSystemSynchronizedGroups = (
				CE123FAF2D72E68F0044B888 /* ParkFactorAppTests */,
			);
			name = ParkFactorAppTests;
			packageProductDependencies = (
			);
			productName = ParkFactorAppTests;
			productReference = CE123FAC2D72E68F0044B888 /* ParkFactorAppTests.xctest */;
			productType = "com.apple.product-type.bundle.unit-test";
		};
		CE123FB52D72E68F0044B888 /* ParkFactorAppUITests */ = {
			isa = PBXNativeTarget;
			buildConfigurationList = CE123FC62D72E68F0044B888 /* Build configuration list for PBXNativeTarget "ParkFactorAppUITests" */;
			buildPhases = (
				CE123FB22D72E68F0044B888 /* Sources */,
				CE123FB32D72E68F0044B888 /* Frameworks */,
				CE123FB42D72E68F0044B888 /* Resources */,
			);
			buildRules = (
			);
			dependencies = (
				CE123FB82D72E68F0044B888 /* PBXTargetDependency */,
			);
			fileSystemSynchronizedGroups = (
				CE123FB92D72E68F0044B888 /* ParkFactorAppUITests */,
			);
			name = ParkFactorAppUITests;
			packageProductDependencies = (
			);
			productName = ParkFactorAppUITests;
			productReference = CE123FB62D72E68F0044B888 /* ParkFactorAppUITests.xctest */;
			productType = "com.apple.product-type.bundle.ui-testing";
		};
/* End PBXNativeTarget section */

/* Begin PBXProject section */
		CE123F942D72E68D0044B888 /* Project object */ = {
			isa = PBXProject;
			attributes = {
				BuildIndependentTargetsInParallel = 1;
				LastSwiftUpdateCheck = 1620;
				LastUpgradeCheck = 1620;
				TargetAttributes = {
					CE123F9B2D72E68D0044B888 = {
						CreatedOnToolsVersion = 16.2;
					};
					CE123FAB2D72E68F0044B888 = {
						CreatedOnToolsVersion = 16.2;
						TestTargetID = CE123F9B2D72E68D0044B888;
					};
					CE123FB52D72E68F0044B888 = {
						CreatedOnToolsVersion = 16.2;
						TestTargetID = CE123F9B2D72E68D0044B888;
					};
				};
			};
			buildConfigurationList = CE123F972D72E68D0044B888 /* Build configuration list for PBXProject "ParkFactorApp" */;
			developmentRegion = en;
			hasScannedForEncodings = 0;
			knownRegions = (
				en,
				Base,
			);
			mainGroup = CE123F932D72E68D0044B888;
			minimizedProjectReferenceProxies = 1;
			packageReferences = (
				CEC1BEF82D7EE9180081CEDF /* XCRemoteSwiftPackageReference "aws-sdk-swift" */,
			);
			preferredProjectObjectVersion = 77;
			productRefGroup = CE123F9D2D72E68D0044B888 /* Products */;
			projectDirPath = "";
			projectRoot = "";
			targets = (
				CE123F9B2D72E68D0044B888 /* ParkFactorApp */,
				CE123FAB2D72E68F0044B888 /* ParkFactorAppTests */,
				CE123FB52D72E68F0044B888 /* ParkFactorAppUITests */,
			);
		};
/* End PBXProject section */

/* Begin PBXResourcesBuildPhase section */
		CE123F9A2D72E68D0044B888 /* Resources */ = {
			isa = PBXResourcesBuildPhase;
			buildActionMask = 2147483647;
			files = (
			);
			runOnlyForDeploymentPostprocessing = 0;
		};
		CE123FAA2D72E68F0044B888 /* Resources */ = {
			isa = PBXResourcesBuildPhase;
			buildActionMask = 2147483647;
			files = (
			);
			runOnlyForDeploymentPostprocessing = 0;
		};
		CE123FB42D72E68F0044B888 /* Resources */ = {
			isa = PBXResourcesBuildPhase;
			buildActionMask = 2147483647;
			files = (
			);
			runOnlyForDeploymentPostprocessing = 0;
		};
/* End PBXResourcesBuildPhase section */

/* Begin PBXSourcesBuildPhase section */
		CE123F982D72E68D0044B888 /* Sources */ = {
			isa = PBXSourcesBuildPhase;
			buildActionMask = 2147483647;
			files = (
			);
			runOnlyForDeploymentPostprocessing = 0;
		};
		CE123FA82D72E68F0044B888 /* Sources */ = {
			isa = PBXSourcesBuildPhase;
			buildActionMask = 2147483647;
			files = (
			);
			runOnlyForDeploymentPostprocessing = 0;
		};
		CE123FB22D72E68F0044B888 /* Sources */ = {
			isa = PBXSourcesBuildPhase;
			buildActionMask = 2147483647;
			files = (
			);
			runOnlyForDeploymentPostprocessing = 0;
		};
/* End PBXSourcesBuildPhase section */

/* Begin PBXTargetDependency section */
		CE123FAE2D72E68F0044B888 /* PBXTargetDependency */ = {
			isa = PBXTargetDependency;
			target = CE123F9B2D72E68D0044B888 /* ParkFactorApp */;
			targetProxy = CE123FAD2D72E68F0044B888 /* PBXContainerItemProxy */;
		};
		CE123FB82D72E68F0044B888 /* PBXTargetDependency */ = {
			isa = PBXTargetDependency;
			target = CE123F9B2D72E68D0044B888 /* ParkFactorApp */;
			targetProxy = CE123FB72D72E68F0044B888 /* PBXContainerItemProxy */;
		};
/* End PBXTargetDependency section */

/* Begin XCBuildConfiguration section */
		CE123FBE2D72E68F0044B888 /* Debug */ = {
			isa = XCBuildConfiguration;
			buildSettings = {
				ALWAYS_SEARCH_USER_PATHS = NO;
				ASSETCATALOG_COMPILER_GENERATE_SWIFT_ASSET_SYMBOL_EXTENSIONS = YES;
				CLANG_ANALYZER_NONNULL = YES;
				CLANG_ANALYZER_NUMBER_OBJECT_CONVERSION = YES_AGGRESSIVE;
				CLANG_CXX_LANGUAGE_STANDARD = "gnu++20";
				CLANG_ENABLE_MODULES = YES;
				CLANG_ENABLE_OBJC_ARC = YES;
				CLANG_ENABLE_OBJC_WEAK = YES;
				CLANG_WARN_BLOCK_CAPTURE_AUTORELEASING = YES;
				CLANG_WARN_BOOL_CONVERSION = YES;
				CLANG_WARN_COMMA = YES;
				CLANG_WARN_CONSTANT_CONVERSION = YES;
				CLANG_WARN_DEPRECATED_OBJC_IMPLEMENTATIONS = YES;
				CLANG_WARN_DIRECT_OBJC_ISA_USAGE = YES_ERROR;
				CLANG_WARN_DOCUMENTATION_COMMENTS = YES;
				CLANG_WARN_EMPTY_BODY = YES;
				CLANG_WARN_ENUM_CONVERSION = YES;
				CLANG_WARN_INFINITE_RECURSION = YES;
				CLANG_WARN_INT_CONVERSION = YES;
				CLANG_WARN_NON_LITERAL_NULL_CONVERSION = YES;
				CLANG_WARN_OBJC_IMPLICIT_RETAIN_SELF = YES;
				CLANG_WARN_OBJC_LITERAL_CONVERSION = YES;
				CLANG_WARN_OBJC_ROOT_CLASS = YES_ERROR;
				CLANG_WARN_QUOTED_INCLUDE_IN_FRAMEWORK_HEADER = YES;
				CLANG_WARN_RANGE_LOOP_ANALYSIS = YES;
				CLANG_WARN_STRICT_PROTOTYPES = YES;
				CLANG_WARN_SUSPICIOUS_MOVE = YES;
				CLANG_WARN_UNGUARDED_AVAILABILITY = YES_AGGRESSIVE;
				CLANG_WARN_UNREACHABLE_CODE = YES;
				CLANG_WARN__DUPLICATE_METHOD_MATCH = YES;
				COPY_PHASE_STRIP = NO;
				DEBUG_INFORMATION_FORMAT = dwarf;
				ENABLE_STRICT_OBJC_MSGSEND = YES;
				ENABLE_TESTABILITY = YES;
				ENABLE_USER_SCRIPT_SANDBOXING = YES;
				GCC_C_LANGUAGE_STANDARD = gnu17;
				GCC_DYNAMIC_NO_PIC = NO;
				GCC_NO_COMMON_BLOCKS = YES;
				GCC_OPTIMIZATION_LEVEL = 0;
				GCC_PREPROCESSOR_DEFINITIONS = (
					"DEBUG=1",
					"$(inherited)",
				);
				GCC_WARN_64_TO_32_BIT_CONVERSION = YES;
				GCC_WARN_ABOUT_RETURN_TYPE = YES_ERROR;
				GCC_WARN_UNDECLARED_SELECTOR = YES;
				GCC_WARN_UNINITIALIZED_AUTOS = YES_AGGRESSIVE;
				GCC_WARN_UNUSED_FUNCTION = YES;
				GCC_WARN_UNUSED_VARIABLE = YES;
				IPHONEOS_DEPLOYMENT_TARGET = 18.2;
				LOCALIZATION_PREFERS_STRING_CATALOGS = YES;
				MTL_ENABLE_DEBUG_INFO = INCLUDE_SOURCE;
				MTL_FAST_MATH = YES;
				ONLY_ACTIVE_ARCH = YES;
				SDKROOT = iphoneos;
				SWIFT_ACTIVE_COMPILATION_CONDITIONS = "DEBUG $(inherited)";
				SWIFT_OPTIMIZATION_LEVEL = "-Onone";
			};
			name = Debug;
		};
		CE123FBF2D72E68F0044B888 /* Release */ = {
			isa = XCBuildConfiguration;
			buildSettings = {
				ALWAYS_SEARCH_USER_PATHS = NO;
				ASSETCATALOG_COMPILER_GENERATE_SWIFT_ASSET_SYMBOL_EXTENSIONS = YES;
				CLANG_ANALYZER_NONNULL = YES;
				CLANG_ANALYZER_NUMBER_OBJECT_CONVERSION = YES_AGGRESSIVE;
				CLANG_CXX_LANGUAGE_STANDARD = "gnu++20";
				CLANG_ENABLE_MODULES = YES;
				CLANG_ENABLE_OBJC_ARC = YES;
				CLANG_ENABLE_OBJC_WEAK = YES;
				CLANG_WARN_BLOCK_CAPTURE_AUTORELEASING = YES;
				CLANG_WARN_BOOL_CONVERSION = YES;
				CLANG_WARN_COMMA = YES;
				CLANG_WARN_CONSTANT_CONVERSION = YES;
				CLANG_WARN_DEPRECATED_OBJC_IMPLEMENTATIONS = YES;
				CLANG_WARN_DIRECT_OBJC_ISA_USAGE = YES_ERROR;
				CLANG_WARN_DOCUMENTATION_COMMENTS = YES;
				CLANG_WARN_EMPTY_BODY = YES;
				CLANG_WARN_ENUM_CONVERSION = YES;
				CLANG_WARN_INFINITE_RECURSION = YES;
				CLANG_WARN_INT_CONVERSION = YES;
				CLANG_WARN_NON_LITERAL_NULL_CONVERSION = YES;
				CLANG_WARN_OBJC_IMPLICIT_RETAIN_SELF = YES;
				CLANG_WARN_OBJC_LITERAL_CONVERSION = YES;
				CLANG_WARN_OBJC_ROOT_CLASS = YES_ERROR;
				CLANG_WARN_QUOTED_INCLUDE_IN_FRAMEWORK_HEADER = YES;
				CLANG_WARN_RANGE_LOOP_ANALYSIS = YES;
				CLANG_WARN_STRICT_PROTOTYPES = YES;
				CLANG_WARN_SUSPICIOUS_MOVE = YES;
				CLANG_WARN_UNGUARDED_AVAILABILITY = YES_AGGRESSIVE;
				CLANG_WARN_UNREACHABLE_CODE = YES;
				CLANG_WARN__DUPLICATE_METHOD_MATCH = YES;
				COPY_PHASE_STRIP = NO;
				DEBUG_INFORMATION_FORMAT = "dwarf-with-dsym";
				ENABLE_NS_ASSERTIONS = NO;
				ENABLE_STRICT_OBJC_MSGSEND = YES;
				ENABLE_USER_SCRIPT_SANDBOXING = YES;
				GCC_C_LANGUAGE_STANDARD = gnu17;
				GCC_NO_COMMON_BLOCKS = YES;
				GCC_WARN_64_TO_32_BIT_CONVERSION = YES;
				GCC_WARN_ABOUT_RETURN_TYPE = YES_ERROR;
				GCC_WARN_UNDECLARED_SELECTOR = YES;
				GCC_WARN_UNINITIALIZED_AUTOS = YES_AGGRESSIVE;
				GCC_WARN_UNUSED_FUNCTION = YES;
				GCC_WARN_UNUSED_VARIABLE = YES;
				IPHONEOS_DEPLOYMENT_TARGET = 18.2;
				LOCALIZATION_PREFERS_STRING_CATALOGS = YES;
				MTL_ENABLE_DEBUG_INFO = NO;
				MTL_FAST_MATH = YES;
				SDKROOT = iphoneos;
				SWIFT_COMPILATION_MODE = wholemodule;
				VALIDATE_PRODUCT = YES;
			};
			name = Release;
		};
		CE123FC12D72E68F0044B888 /* Debug */ = {
			isa = XCBuildConfiguration;
			buildSettings = {
				ASSETCATALOG_COMPILER_APPICON_NAME = AppIcon;
				ASSETCATALOG_COMPILER_GLOBAL_ACCENT_COLOR_NAME = AccentColor;
				ASSETCATALOG_COMPILER_INCLUDE_ALL_APPICON_ASSETS = NO;
				CODE_SIGN_STYLE = Automatic;
				CURRENT_PROJECT_VERSION = 1;
				DEVELOPMENT_ASSET_PATHS = "\"ParkFactorApp/Preview Content\"";
				ENABLE_PREVIEWS = YES;
				GENERATE_INFOPLIST_FILE = YES;
				INFOPLIST_FILE = ParkFactorApp/Info.plist;
				INFOPLIST_KEY_CFBundleDisplayName = "Park Factor";
				INFOPLIST_KEY_LSApplicationCategoryType = "public.app-category.sports";
				INFOPLIST_KEY_UIApplicationSceneManifest_Generation = YES;
				INFOPLIST_KEY_UIApplicationSupportsIndirectInputEvents = YES;
				INFOPLIST_KEY_UILaunchScreen_Generation = YES;
				INFOPLIST_KEY_UISupportedInterfaceOrientations = UIInterfaceOrientationPortrait;
				INFOPLIST_KEY_UISupportedInterfaceOrientations_iPad = "UIInterfaceOrientationPortrait UIInterfaceOrientationPortraitUpsideDown";
				LD_RUNPATH_SEARCH_PATHS = (
					"$(inherited)",
					"@executable_path/Frameworks",
				);
				MARKETING_VERSION = 1.0;
				PRODUCT_BUNDLE_IDENTIFIER = com.myorganization.ParkFactorApp;
				PRODUCT_NAME = "$(TARGET_NAME)";
				SUPPORTED_PLATFORMS = "iphoneos iphonesimulator";
				SUPPORTS_MACCATALYST = NO;
				SUPPORTS_MAC_DESIGNED_FOR_IPHONE_IPAD = NO;
				SUPPORTS_XR_DESIGNED_FOR_IPHONE_IPAD = NO;
				SWIFT_EMIT_LOC_STRINGS = YES;
				SWIFT_VERSION = 5.0;
				TARGETED_DEVICE_FAMILY = "1,2";
			};
			name = Debug;
		};
		CE123FC22D72E68F0044B888 /* Release */ = {
			isa = XCBuildConfiguration;
			buildSettings = {
				ASSETCATALOG_COMPILER_APPICON_NAME = AppIcon;
				ASSETCATALOG_COMPILER_GLOBAL_ACCENT_COLOR_NAME = AccentColor;
				ASSETCATALOG_COMPILER_INCLUDE_ALL_APPICON_ASSETS = NO;
				CODE_SIGN_STYLE = Automatic;
				CURRENT_PROJECT_VERSION = 1;
				DEVELOPMENT_ASSET_PATHS = "\"ParkFactorApp/Preview Content\"";
				ENABLE_PREVIEWS = YES;
				GENERATE_INFOPLIST_FILE = YES;
				INFOPLIST_FILE = ParkFactorApp/Info.plist;
				INFOPLIST_KEY_CFBundleDisplayName = "Park Factor";
				INFOPLIST_KEY_LSApplicationCategoryType = "public.app-category.sports";
				INFOPLIST_KEY_UIApplicationSceneManifest_Generation = YES;
				INFOPLIST_KEY_UIApplicationSupportsIndirectInputEvents = YES;
				INFOPLIST_KEY_UILaunchScreen_Generation = YES;
				INFOPLIST_KEY_UISupportedInterfaceOrientations = UIInterfaceOrientationPortrait;
				INFOPLIST_KEY_UISupportedInterfaceOrientations_iPad = "UIInterfaceOrientationPortrait UIInterfaceOrientationPortraitUpsideDown";
				LD_RUNPATH_SEARCH_PATHS = (
					"$(inherited)",
					"@executable_path/Frameworks",
				);
				MARKETING_VERSION = 1.0;
				PRODUCT_BUNDLE_IDENTIFIER = com.myorganization.ParkFactorApp;
				PRODUCT_NAME = "$(TARGET_NAME)";
				SUPPORTED_PLATFORMS = "iphoneos iphonesimulator";
				SUPPORTS_MACCATALYST = NO;
				SUPPORTS_MAC_DESIGNED_FOR_IPHONE_IPAD = NO;
				SUPPORTS_XR_DESIGNED_FOR_IPHONE_IPAD = NO;
				SWIFT_EMIT_LOC_STRINGS = YES;
				SWIFT_VERSION = 5.0;
				TARGETED_DEVICE_FAMILY = "1,2";
			};
			name = Release;
		};
		CE123FC42D72E68F0044B888 /* Debug */ = {
			isa = XCBuildConfiguration;
			buildSettings = {
				BUNDLE_LOADER = "$(TEST_HOST)";
				CODE_SIGN_STYLE = Automatic;
				CURRENT_PROJECT_VERSION = 1;
				GENERATE_INFOPLIST_FILE = YES;
				IPHONEOS_DEPLOYMENT_TARGET = 18.2;
				MARKETING_VERSION = 1.0;
				PRODUCT_BUNDLE_IDENTIFIER = com.myorganization.ParkFactorAppTests;
				PRODUCT_NAME = "$(TARGET_NAME)";
				SWIFT_EMIT_LOC_STRINGS = NO;
				SWIFT_VERSION = 5.0;
				TARGETED_DEVICE_FAMILY = "1,2";
				TEST_HOST = "$(BUILT_PRODUCTS_DIR)/ParkFactorApp.app/$(BUNDLE_EXECUTABLE_FOLDER_PATH)/ParkFactorApp";
			};
			name = Debug;
		};
		CE123FC52D72E68F0044B888 /* Release */ = {
			isa = XCBuildConfiguration;
			buildSettings = {
				BUNDLE_LOADER = "$(TEST_HOST)";
				CODE_SIGN_STYLE = Automatic;
				CURRENT_PROJECT_VERSION = 1;
				GENERATE_INFOPLIST_FILE = YES;
				IPHONEOS_DEPLOYMENT_TARGET = 18.2;
				MARKETING_VERSION = 1.0;
				PRODUCT_BUNDLE_IDENTIFIER = com.myorganization.ParkFactorAppTests;
				PRODUCT_NAME = "$(TARGET_NAME)";
				SWIFT_EMIT_LOC_STRINGS = NO;
				SWIFT_VERSION = 5.0;
				TARGETED_DEVICE_FAMILY = "1,2";
				TEST_HOST = "$(BUILT_PRODUCTS_DIR)/ParkFactorApp.app/$(BUNDLE_EXECUTABLE_FOLDER_PATH)/ParkFactorApp";
			};
			name = Release;
		};
		CE123FC72D72E68F0044B888 /* Debug */ = {
			isa = XCBuildConfiguration;
			buildSettings = {
				CODE_SIGN_STYLE = Automatic;
				CURRENT_PROJECT_VERSION = 1;
				GENERATE_INFOPLIST_FILE = YES;
				MARKETING_VERSION = 1.0;
				PRODUCT_BUNDLE_IDENTIFIER = com.myorganization.ParkFactorAppUITests;
				PRODUCT_NAME = "$(TARGET_NAME)";
				SWIFT_EMIT_LOC_STRINGS = NO;
				SWIFT_VERSION = 5.0;
				TARGETED_DEVICE_FAMILY = "1,2";
				TEST_TARGET_NAME = ParkFactorApp;
			};
			name = Debug;
		};
		CE123FC82D72E68F0044B888 /* Release */ = {
			isa = XCBuildConfiguration;
			buildSettings = {
				CODE_SIGN_STYLE = Automatic;
				CURRENT_PROJECT_VERSION = 1;
				GENERATE_INFOPLIST_FILE = YES;
				MARKETING_VERSION = 1.0;
				PRODUCT_BUNDLE_IDENTIFIER = com.myorganization.ParkFactorAppUITests;
				PRODUCT_NAME = "$(TARGET_NAME)";
				SWIFT_EMIT_LOC_STRINGS = NO;
				SWIFT_VERSION = 5.0;
				TARGETED_DEVICE_FAMILY = "1,2";
				TEST_TARGET_NAME = ParkFactorApp;
			};
			name = Release;
		};
/* End XCBuildConfiguration section */

/* Begin XCConfigurationList section */
		CE123F972D72E68D0044B888 /* Build configuration list for PBXProject "ParkFactorApp" */ = {
			isa = XCConfigurationList;
			buildConfigurations = (
				CE123FBE2D72E68F0044B888 /* Debug */,
				CE123FBF2D72E68F0044B888 /* Release */,
			);
			defaultConfigurationIsVisible = 0;
			defaultConfigurationName = Release;
		};
		CE123FC02D72E68F0044B888 /* Build configuration list for PBXNativeTarget "ParkFactorApp" */ = {
			isa = XCConfigurationList;
			buildConfigurations = (
				CE123FC12D72E68F0044B888 /* Debug */,
				CE123FC22D72E68F0044B888 /* Release */,
			);
			defaultConfigurationIsVisible = 0;
			defaultConfigurationName = Release;
		};
		CE123FC32D72E68F0044B888 /* Build configuration list for PBXNativeTarget "ParkFactorAppTests" */ = {
			isa = XCConfigurationList;
			buildConfigurations = (
				CE123FC42D72E68F0044B888 /* Debug */,
				CE123FC52D72E68F0044B888 /* Release */,
			);
			defaultConfigurationIsVisible = 0;
			defaultConfigurationName = Release;
		};
		CE123FC62D72E68F0044B888 /* Build configuration list for PBXNativeTarget "ParkFactorAppUITests" */ = {
			isa = XCConfigurationList;
			buildConfigurations = (
				CE123FC72D72E68F0044B888 /* Debug */,
				CE123FC82D72E68F0044B888 /* Release */,
			);
			defaultConfigurationIsVisible = 0;
			defaultConfigurationName = Release;
		};
/* End XCConfigurationList section */

/* Begin XCRemoteSwiftPackageReference section */
		CEC1BEF82D7EE9180081CEDF /* XCRemoteSwiftPackageReference "aws-sdk-swift" */ = {
			isa = XCRemoteSwiftPackageReference;
			repositoryURL = "https://github.com/awslabs/aws-sdk-swift";
			requirement = {
				kind = upToNextMinorVersion;
				minimumVersion = 1.2.34;
			};
		};
/* End XCRemoteSwiftPackageReference section */

/* Begin XCSwiftPackageProductDependency section */
		CEC1BEF92D7EE9180081CEDF /* AWSS3 */ = {
			isa = XCSwiftPackageProductDependency;
			package = CEC1BEF82D7EE9180081CEDF /* XCRemoteSwiftPackageReference "aws-sdk-swift" */;
			productName = AWSS3;
		};
/* End XCSwiftPackageProductDependency section */
	};
	rootObject = CE123F942D72E68D0044B888 /* Project object */;
}
